
Microsoft Visual Studio Solution File, Format Version 12.00
# Visual Studio Version 16
VisualStudioVersion = 25.0.1704.2
MinimumVisualStudioVersion = 10.0.40219.1
Project("{FAE04EC0-301F-11D3-BF4B-00C04F79EFBC}") = "ReactApp", "ReactApp\ReactApp.csproj", "{73B4FD04-DE99-4986-B708-2A720E482581}"
EndProject
Global
	GlobalSection(SolutionConfigurationPlatforms) = preSolution
		Debug|Any CPU = Debug|Any CPU
		Release|Any CPU = Release|Any CPU
	EndGlobalSection
	GlobalSection(ProjectConfigurationPlatforms) = postSolution
		{73B4FD04-DE99-4986-B708-2A720E482581}.Debug|Any CPU.ActiveCfg = Debug|Any CPU
		{73B4FD04-DE99-4986-B708-2A720E482581}.Debug|Any CPU.Build.0 = Debug|Any CPU
		{73B4FD04-DE99-4986-B708-2A720E482581}.Release|Any CPU.ActiveCfg = Release|Any CPU
		{73B4FD04-DE99-4986-B708-2A720E482581}.Release|Any CPU.Build.0 = Release|Any CPU
	EndGlobalSection
	GlobalSection(SolutionProperties) = preSolution
		HideSolutionNode = FALSE
	EndGlobalSection
	GlobalSection(ExtensibilityGlobals) = postSolution
		SolutionGuid = {30E14BD0-5DB1-47D0-AABF-48FB7D75FE64}
	EndGlobalSection
EndGlobal
